{
  "name": "my-app",
  "lockfileVersion": 3,
  "requires": true,
  "packages": {
    "": {
      "dependencies": {
        "bootstrap": "^5.3.2",
        "router-dom": "^2.2.11"
      }
    },
    "node_modules/@popperjs/core": {
      "version": "2.11.8",
      "resolved": "https://registry.npmjs.org/@popperjs/core/-/core-2.11.8.tgz",
      "integrity": "sha512-P1st0aksCrn9sGZhp8GMYwBnQsbvAWsZAX44oXNNvLHGqAOcoVxmjZiohstwQ7SqKnbR47akdNi+uleWD8+g6A==",
      "peer": true,
      "funding": {
        "type": "opencollective",
        "url": "https://opencollective.com/popperjs"
      }
    },
    "node_modules/bootstrap": {
      "version": "5.3.2",
      "resolved": "https://registry.npmjs.org/bootstrap/-/bootstrap-5.3.2.tgz",
      "integrity": "sha512-D32nmNWiQHo94BKHLmOrdjlL05q1c8oxbtBphQFb9Z5to6eGRDCm0QgeaZ4zFBHzfg2++rqa2JkqCcxDy0sH0g==",
      "funding": [
        {
          "type": "github",
          "url": "https://github.com/sponsors/twbs"
        },
        {
          "type": "opencollective",
          "url": "https://opencollective.com/bootstrap"
        }
      ],
      "peerDependencies": {
        "@popperjs/core": "^2.11.8"
      }
    },
    "node_modules/hydro-js": {
      "version": "1.5.14",
      "resolved": "https://registry.npmjs.org/hydro-js/-/hydro-js-1.5.14.tgz",
      "integrity": "sha512-UU0znl2iGohh6lUD+sRf54pOOWX4V9TZ4hXT0tDYsAc4ridvhqjGPCK4jK1hYHhAvn+z/cHSky+DFsuEudThWw=="
    },
    "node_modules/path-to-regexp": {
      "version": "6.2.1",
      "resolved": "https://registry.npmjs.org/path-to-regexp/-/path-to-regexp-6.2.1.tgz",
      "integrity": "sha512-JLyh7xT1kizaEvcaXOQwOc2/Yhw6KZOvPf1S8401UyLk86CU79LN3vl7ztXGm/pZ+YjoyAJ4rxmHwbkBXJX+yw=="
    },
    "node_modules/router-dom": {
      "version": "2.2.11",
      "resolved": "https://registry.npmjs.org/router-dom/-/router-dom-2.2.11.tgz",
      "integrity": "sha512-prvwl6Ux6LQPgmlC7yDhbaItOt/7hcOlit5ZUcn2RxzYRcceaPVRFSHv8eigdpXw1poS0VwErltHHtuJnRW2JQ==",
      "dependencies": {
        "hydro-js": "^1.5.14",
        "path-to-regexp": "^6.2.1"
      }
    }
  }
}
